<?xml version="1.0" encoding="utf-8"?>
<Project ToolsVersion="4.0" xmlns="http://schemas.microsoft.com/developer/msbuild/2003">
  <ItemGroup>
    <Filter Include="src">
      <UniqueIdentifier>{9ea2224f-b283-4195-84af-dd25e59d8ee1}</UniqueIdentifier>
    </Filter>
    <Filter Include="src\simobj">
      <UniqueIdentifier>{5DD2C2D3-D1F0-4737-87EA-CC7F2448D855}</UniqueIdentifier>
    </Filter>
    <Filter Include="src\cmds">
      <UniqueIdentifier>{A83A264E-3C64-4D45-9D3F-B3F6D39C4E6D}</UniqueIdentifier>
    </Filter>
  </ItemGroup>
  <ItemGroup>
    <ClCompile Include="src\simobj\GSAircraft.cpp">
      <Filter>src\simobj</Filter>
    </ClCompile>
    <ClCompile Include="src\simobj\GSAircraftGround.cpp">
      <Filter>src\simobj</Filter>
    </ClCompile>
    <ClCompile Include="src\simobj\GSCateringCartMSFS.cpp">
      <Filter>src\simobj</Filter>
    </ClCompile>
    <ClCompile Include="src\simobj\GSSimObj.cpp">
      <Filter>src\simobj</Filter>
    </ClCompile>
    <ClCompile Include="src\simobj\GSAircraftGroundLarge.cpp">
      <Filter>src\simobj</Filter>
    </ClCompile>
    <ClCompile Include="src\simobj\GSAircraftGroundMedium.cpp">
      <Filter>src\simobj</Filter>
    </ClCompile>
    <ClCompile Include="src\simobj\GSAircraftGroundSmall.cpp">
      <Filter>src\simobj</Filter>
    </ClCompile>
    <ClCompile Include="src\simobj\GSAircraftGroundXL.cpp">
      <Filter>src\simobj</Filter>
    </ClCompile>
    <ClCompile Include="src\simobj\GSGroundPowerMSFS.cpp">
      <Filter>src\simobj</Filter>
    </ClCompile>
    <ClCompile Include="src\simobj\GSStatic.cpp">
      <Filter>src\simobj</Filter>
    </ClCompile>
    <ClCompile Include="src\simobj\GSLinerCones.cpp">
      <Filter>src\simobj</Filter>
    </ClCompile>
    <ClCompile Include="src\simobj\GSPushback.cpp">
      <Filter>src\simobj</Filter>
    </ClCompile>
    <ClCompile Include="src\simobj\GSLavatoryTruck.cpp">
      <Filter>src\simobj</Filter>
    </ClCompile>
    <ClCompile Include="src\simobj\GSBuggageLoader.cpp">
      <Filter>src\simobj</Filter>
    </ClCompile>
    <ClCompile Include="src\GSAircraftTrackerThread.cpp">
      <Filter>src</Filter>
    </ClCompile>
    <ClCompile Include="src\GSCatalog.cpp">
      <Filter>src</Filter>
    </ClCompile>
    <ClCompile Include="src\GSConsole.cpp">
      <Filter>src</Filter>
    </ClCompile>
    <ClCompile Include="src\GSGeography.cpp">
      <Filter>src</Filter>
    </ClCompile>
    <ClCompile Include="src\GSLiveAirportMSFSApp.cpp">
      <Filter>src</Filter>
    </ClCompile>
    <ClCompile Include="src\GSLogStream.cpp">
      <Filter>src</Filter>
    </ClCompile>
    <ClCompile Include="src\GSSimConnect.cpp">
      <Filter>src</Filter>
    </ClCompile>
    <ClCompile Include="src\GSSpawnerThread.cpp">
      <Filter>src</Filter>
    </ClCompile>
    <ClCompile Include="src\simobj\GSBuggageTrain.cpp">
      <Filter>src\simobj</Filter>
    </ClCompile>
    <ClCompile Include="src\simobj\GSTruckFacility.cpp">
      <Filter>src\simobj</Filter>
    </ClCompile>
    <ClCompile Include="src\simobj\GSSmallCones.cpp">
      <Filter>src\simobj</Filter>
    </ClCompile>
    <ClCompile Include="src\simobj\GSStandingHuman.cpp">
      <Filter>src\simobj</Filter>
    </ClCompile>
    <ClCompile Include="src\simobj\GSMarshaller.cpp">
      <Filter>src\simobj</Filter>
    </ClCompile>
    <ClCompile Include="src\simobj\GSWingmans.cpp">
      <Filter>src\simobj</Filter>
    </ClCompile>
    <ClCompile Include="src\GSAnimationObject.cpp">
      <Filter>src</Filter>
    </ClCompile>
    <ClCompile Include="src\GSAnimationThread.cpp">
      <Filter>src</Filter>
    </ClCompile>
  </ItemGroup>
  <ItemGroup>
    <ClInclude Include="src\cmds\GSCommand.h">
      <Filter>src\cmds</Filter>
    </ClInclude>
    <ClInclude Include="src\cmds\GSCmdAircraftUpdate.h">
      <Filter>src\cmds</Filter>
    </ClInclude>
    <ClInclude Include="src\cmds\GSCmdReq.h">
      <Filter>src\cmds</Filter>
    </ClInclude>
    <ClInclude Include="src\simobj\GSAircraft.h">
      <Filter>src\simobj</Filter>
    </ClInclude>
    <ClInclude Include="src\simobj\GSAircraftGround.h">
      <Filter>src\simobj</Filter>
    </ClInclude>
    <ClInclude Include="src\simobj\GSAircraftGroundSmall.h">
      <Filter>src\simobj</Filter>
    </ClInclude>
    <ClInclude Include="src\simobj\GSCateringCartMSFS.h">
      <Filter>src\simobj</Filter>
    </ClInclude>
    <ClInclude Include="src\simobj\GSSimObj.h">
      <Filter>src\simobj</Filter>
    </ClInclude>
    <ClInclude Include="src\simobj\GSAircraftGroundXL.h">
      <Filter>src\simobj</Filter>
    </ClInclude>
    <ClInclude Include="src\simobj\GSAircraftGroundLarge.h">
      <Filter>src\simobj</Filter>
    </ClInclude>
    <ClInclude Include="src\simobj\GSAircraftGroundMedium.h">
      <Filter>src\simobj</Filter>
    </ClInclude>
    <ClInclude Include="src\simobj\GSGroundPowerMSFS.h">
      <Filter>src\simobj</Filter>
    </ClInclude>
    <ClInclude Include="src\simobj\GSStatic.h">
      <Filter>src\simobj</Filter>
    </ClInclude>
    <ClInclude Include="src\simobj\GSLinerCones.h">
      <Filter>src\simobj</Filter>
    </ClInclude>
    <ClInclude Include="src\simobj\GSPushback.h">
      <Filter>src\simobj</Filter>
    </ClInclude>
    <ClInclude Include="src\simobj\GSLavatoryTruck.h">
      <Filter>src\simobj</Filter>
    </ClInclude>
    <ClInclude Include="src\simobj\GSBuggageLoader.h">
      <Filter>src\simobj</Filter>
    </ClInclude>
    <ClInclude Include="src\GSAircraftTrackerThread.h">
      <Filter>src</Filter>
    </ClInclude>
    <ClInclude Include="src\GSCatalog.h">
      <Filter>src</Filter>
    </ClInclude>
    <ClInclude Include="src\GSConsole.h">
      <Filter>src</Filter>
    </ClInclude>
    <ClInclude Include="src\GSCoord.h">
      <Filter>src</Filter>
    </ClInclude>
    <ClInclude Include="src\GSDefinitions.h">
      <Filter>src</Filter>
    </ClInclude>
    <ClInclude Include="src\GSGeography.h">
      <Filter>src</Filter>
    </ClInclude>
    <ClInclude Include="src\GSLiveAirportMSFSApp.h">
      <Filter>src</Filter>
    </ClInclude>
    <ClInclude Include="src\GSLogStream.h">
      <Filter>src</Filter>
    </ClInclude>
    <ClInclude Include="src\GSQuickQueue.h">
      <Filter>src</Filter>
    </ClInclude>
    <ClInclude Include="src\GSRequest.h">
      <Filter>src</Filter>
    </ClInclude>
    <ClInclude Include="src\GSSimConnect.h">
      <Filter>src</Filter>
    </ClInclude>
    <ClInclude Include="src\GSSpawnerThread.h">
      <Filter>src</Filter>
    </ClInclude>
    <ClInclude Include="src\simobj\GSBuggageTrain.h">
      <Filter>src\simobj</Filter>
    </ClInclude>
    <ClInclude Include="src\simobj\GSTruckFacility.h">
      <Filter>src\simobj</Filter>
    </ClInclude>
    <ClInclude Include="src\simobj\GSSmallCones.h">
      <Filter>src\simobj</Filter>
    </ClInclude>
    <ClInclude Include="src\simobj\GSStandingHuman.h">
      <Filter>src\simobj</Filter>
    </ClInclude>
    <ClInclude Include="src\simobj\GSMarshaller.h">
      <Filter>src\simobj</Filter>
    </ClInclude>
    <ClInclude Include="src\simobj\GSWingmans.h">
      <Filter>src\simobj</Filter>
    </ClInclude>
    <ClInclude Include="src\GSAnimationObject.h">
      <Filter>src</Filter>
    </ClInclude>
    <ClInclude Include="src\GSAnimationThread.h">
      <Filter>src</Filter>
    </ClInclude>
    <ClInclude Include="src\cmds\GSCmdAnimObj.h">
      <Filter>src\cmds</Filter>
    </ClInclude>
  </ItemGroup>
</Project>