<?xml version="1.0" encoding="utf-8"?>
<Project ToolsVersion="4.0" xmlns="http://schemas.microsoft.com/developer/msbuild/2003">
  <ItemGroup>
    <Filter Include="cmds">
      <UniqueIdentifier>{A83A264E-3C64-4D45-9D3F-B3F6D39C4E6D}</UniqueIdentifier>
    </Filter>
    <Filter Include="simobj">
      <UniqueIdentifier>{5DD2C2D3-D1F0-4737-87EA-CC7F2448D855}</UniqueIdentifier>
    </Filter>
  </ItemGroup>
  <ItemGroup>
    <ClCompile Include="src\GSSpawnerThread.cpp" />
    <ClCompile Include="src\GSAircraftTrackerThread.cpp" />
    <ClCompile Include="src\GSConsole.cpp" />
    <ClCompile Include="src\GSGeography.cpp" />
    <ClCompile Include="src\GSLiveAirportMSFSApp.cpp" />
    <ClCompile Include="src\GSLogStream.cpp" />
    <ClCompile Include="src\GSSimConnect.cpp" />
    <ClCompile Include="src\simobj\GSAircraft.cpp">
      <Filter>simobj</Filter>
    </ClCompile>
    <ClCompile Include="src\simobj\GSAircraftGround.cpp">
      <Filter>simobj</Filter>
    </ClCompile>
    <ClCompile Include="src\simobj\GSCateringCartMSFS.cpp">
      <Filter>simobj</Filter>
    </ClCompile>
    <ClCompile Include="src\simobj\GSSimObj.cpp">
      <Filter>simobj</Filter>
    </ClCompile>
    <ClCompile Include="src\simobj\GSAircraftGroundLarge.cpp">
      <Filter>simobj</Filter>
    </ClCompile>
    <ClCompile Include="src\simobj\GSAircraftGroundMedium.cpp">
      <Filter>simobj</Filter>
    </ClCompile>
    <ClCompile Include="src\simobj\GSAircraftGroundSmall.cpp">
      <Filter>simobj</Filter>
    </ClCompile>
    <ClCompile Include="src\simobj\GSAircraftGroundXL.cpp">
      <Filter>simobj</Filter>
    </ClCompile>
    <ClCompile Include="src\simobj\GSGroundPowerMSFS.cpp">
      <Filter>simobj</Filter>
    </ClCompile>
    <ClCompile Include="src\GSCatalog.cpp" />
    <ClCompile Include="src\simobj\GSStatic.cpp">
      <Filter>simobj</Filter>
    </ClCompile>
    <ClCompile Include="src\simobj\GSLinerCones.cpp">
      <Filter>simobj</Filter>
    </ClCompile>
  </ItemGroup>
  <ItemGroup>
    <ClInclude Include="src\cmds\GSCommand.h">
      <Filter>cmds</Filter>
    </ClInclude>
    <ClInclude Include="src\cmds\GSCmdAircraftUpdate.h">
      <Filter>cmds</Filter>
    </ClInclude>
    <ClInclude Include="src\cmds\GSCmdReq.h">
      <Filter>cmds</Filter>
    </ClInclude>
    <ClInclude Include="src\simobj\GSAircraft.h">
      <Filter>simobj</Filter>
    </ClInclude>
    <ClInclude Include="src\simobj\GSAircraftGround.h">
      <Filter>simobj</Filter>
    </ClInclude>
    <ClInclude Include="src\simobj\GSAircraftGroundSmall.h">
      <Filter>simobj</Filter>
    </ClInclude>
    <ClInclude Include="src\simobj\GSCateringCartMSFS.h">
      <Filter>simobj</Filter>
    </ClInclude>
    <ClInclude Include="src\simobj\GSSimObj.h">
      <Filter>simobj</Filter>
    </ClInclude>
    <ClInclude Include="src\GSAircraftTrackerThread.h" />
    <ClInclude Include="src\GSConsole.h" />
    <ClInclude Include="src\GSCoord.h" />
    <ClInclude Include="src\GSDefinitions.h" />
    <ClInclude Include="src\GSGeography.h" />
    <ClInclude Include="src\GSLiveAirportMSFSApp.h" />
    <ClInclude Include="src\GSLogStream.h" />
    <ClInclude Include="src\GSQuickQueue.h" />
    <ClInclude Include="src\GSRequest.h" />
    <ClInclude Include="src\GSSimConnect.h" />
    <ClInclude Include="src\GSSpawnerThread.h" />
    <ClInclude Include="src\simobj\GSAircraftGroundXL.h">
      <Filter>simobj</Filter>
    </ClInclude>
    <ClInclude Include="src\simobj\GSAircraftGroundLarge.h">
      <Filter>simobj</Filter>
    </ClInclude>
    <ClInclude Include="src\simobj\GSAircraftGroundMedium.h">
      <Filter>simobj</Filter>
    </ClInclude>
    <ClInclude Include="src\simobj\GSGroundPowerMSFS.h">
      <Filter>simobj</Filter>
    </ClInclude>
    <ClInclude Include="src\GSCatalog.h" />
    <ClInclude Include="src\simobj\GSStatic.h">
      <Filter>simobj</Filter>
    </ClInclude>
    <ClInclude Include="src\simobj\GSLinerCones.h">
      <Filter>simobj</Filter>
    </ClInclude>
  </ItemGroup>
  <ItemGroup>
    <None Include="README.md" />
  </ItemGroup>
</Project>