<?xml version="1.0" encoding="utf-8"?>
<Project ToolsVersion="4.0" xmlns="http://schemas.microsoft.com/developer/msbuild/2003">
  <ItemGroup>
    <ClCompile Include="Aircraft.cpp" />
    <ClCompile Include="AircraftTrackerThread.cpp" />
    <ClCompile Include="AnimationConfiguredObject.cpp" />
    <ClCompile Include="AnimationObject.cpp" />
    <ClCompile Include="AnimationThread.cpp" />
    <ClCompile Include="ConsoleController.cpp" />
    <ClCompile Include="GroundServicesThread.cpp" />
    <ClCompile Include="GroundServicesConfig.cpp" />
    <ClCompile Include="GSObject.cpp" />
    <ClCompile Include="GSWalker.cpp" />
    <ClCompile Include="GSLuggageLoaderFSDT.cpp" />
    <ClCompile Include="GSRequests\GSReqAircraftScan.cpp" />
    <ClCompile Include="GSRequests\GSReqBaggageGeometry.cpp" />
    <ClCompile Include="GSRequests\GSReqBase.cpp" />
    <ClCompile Include="GSRequests\GSReqCatalog.cpp" />
    <ClCompile Include="GSRequests\GSReqCommand.cpp" />
    <ClCompile Include="GSRequests\GSReqCreateObject.cpp" />
    <ClCompile Include="GSRequests\GSReqGroundScan.cpp" />
    <ClCompile Include="main.cpp" />
    <ClCompile Include="ParkingServicesApp.cpp" />
    <ClCompile Include="SimConnectThread.cpp" />
    <ClCompile Include="SimObjectCatalog.cpp" />
    <ClCompile Include="SimObjectPositioning.cpp" />
  </ItemGroup>
  <ItemGroup>
    <ClInclude Include="Aircraft.h" />
    <ClInclude Include="AircraftTrackerThread.h" />
    <ClInclude Include="AnimationConfiguredObject.h" />
    <ClInclude Include="AnimationObject.h" />
    <ClInclude Include="AnimationThread.h" />
    <ClInclude Include="ConsoleController.h" />
    <ClInclude Include="GroundObject.h" />
    <ClInclude Include="GroundServicesThread.h" />
    <ClInclude Include="GroundServicesConfig.h" />
    <ClInclude Include="GroundServiceTypes.h" />
    <ClInclude Include="GSObject.h" />
    <ClInclude Include="GSWalker.h" />
    <ClInclude Include="GSLuggageLoaderFSDT.h" />
    <ClInclude Include="GSRequests\GSReqAircraftScan.h" />
    <ClInclude Include="GSRequests\GSReqBaggageGeometry.h" />
    <ClInclude Include="GSRequests\GSReqBase.h" />
    <ClInclude Include="GSRequests\GSReqCatalog.h" />
    <ClInclude Include="GSRequests\GSReqCommand.h" />
    <ClInclude Include="GSRequests\GSReqCreateObject.h" />
    <ClInclude Include="GSRequests\GSReqGroundScan.h" />
    <ClInclude Include="ISimConnectHandler.h" />
    <ClInclude Include="ISimConnectRequest.h" />
    <ClInclude Include="ISimConnectStatus.h" />
    <ClInclude Include="LogSink.h" />
    <ClInclude Include="ParkingServicesApp.h" />
    <ClInclude Include="SimConnectThread.h" />
    <ClInclude Include="SimObjectCatalog.h" />
    <ClInclude Include="SimObjectPositioning.h" />
  </ItemGroup>
  <ItemGroup>
    <None Include="category-json-template.json" />
    <None Include="README.md" />
  </ItemGroup>
</Project>
